Microsoft Visual Studio Solution File, Format Version 12.00
# Visual Studio 2012
Project("{FAE04EC0-301F-11D3-BF4B-00C04F79EFBC}") = "DeckroidVania2", "DeckroidVania2.csproj", "{C28160FA-9488-47F4-AAD9-158FCA74E4AE}"
EndProject
Global
	GlobalSection(SolutionConfigurationPlatforms) = preSolution
	Debug|Any CPU = Debug|Any CPU
	ExportDebug|Any CPU = ExportDebug|Any CPU
	ExportRelease|Any CPU = ExportRelease|Any CPU
	EndGlobalSection
	GlobalSection(ProjectConfigurationPlatforms) = postSolution
		{C28160FA-9488-47F4-AAD9-158FCA74E4AE}.Debug|Any CPU.ActiveCfg = Debug|Any CPU
		{C28160FA-9488-47F4-AAD9-158FCA74E4AE}.Debug|Any CPU.Build.0 = Debug|Any CPU
		{C28160FA-9488-47F4-AAD9-158FCA74E4AE}.ExportDebug|Any CPU.ActiveCfg = ExportDebug|Any CPU
		{C28160FA-9488-47F4-AAD9-158FCA74E4AE}.ExportDebug|Any CPU.Build.0 = ExportDebug|Any CPU
		{C28160FA-9488-47F4-AAD9-158FCA74E4AE}.ExportRelease|Any CPU.ActiveCfg = ExportRelease|Any CPU
		{C28160FA-9488-47F4-AAD9-158FCA74E4AE}.ExportRelease|Any CPU.Build.0 = ExportRelease|Any CPU
	EndGlobalSection
EndGlobal
